// !$*UTF8*$!
{
 archiveVersion = 1;
 classes = {};
 objectVersion = 56;
 objects = {
  111111111111111111111111 = {isa = PBXBuildFile; fileRef = 222222222222222222222222;};
  111111111111111111111112 = {isa = PBXBuildFile; fileRef = 222222222222222222222223;};
  111111111111111111111113 = {isa = PBXBuildFile; fileRef = 222222222222222222222224;};
  111111111111111111111114 = {isa = PBXBuildFile; fileRef = 222222222222222222222225;};
  111111111111111111111115 = {isa = PBXBuildFile; fileRef = 222222222222222222222226;};
  222222222222222222222222 = {isa = PBXFileReference; lastKnownFileType = sourcecode.cpp.objcpp; path = AppDelegate.mm; sourceTree = "<group>";};
  222222222222222222222223 = {isa = PBXFileReference; lastKnownFileType = sourcecode.cpp.objcpp; path = ViewController.mm; sourceTree = "<group>";};
  222222222222222222222224 = {isa = PBXFileReference; lastKnownFileType = sourcecode.cpp.objcpp; path = main.mm; sourceTree = "<group>";};
  222222222222222222222225 = {isa = PBXFileReference; lastKnownFileType = text.plist.xml; path = Info.plist; sourceTree = "<group>";};
  222222222222222222222226 = {isa = PBXFileReference; lastKnownFileType = wrapper.framework; name = UIKit.framework; path = System/Library/Frameworks/UIKit.framework; sourceTree = SDKROOT;};
  222222222222222222222227 = {isa = PBXFileReference; explicitFileType = wrapper.application; includeInIndex = 0; path = MenuBeta.app; sourceTree = BUILT_PRODUCTS_DIR;};
  333333333333333333333333 = {isa = PBXGroup; children = (222222222222222222222222,222222222222222222222223,222222222222222222222224,222222222222222222222225); path = MenuBeta; sourceTree = "<group>";};
  444444444444444444444444 = {isa = PBXGroup; children = (333333333333333333333333,666666666666666666666667,131313131313131313131313); sourceTree = "<group>";};
  666666666666666666666667 = {isa = PBXGroup; children = (222222222222222222222226); name = Frameworks; sourceTree = "<group>";};
  555555555555555555555555 = {isa = PBXNativeTarget; buildConfigurationList = 666666666666666666666666; buildPhases = (777777777777777777777777,888888888888888888888888,121212121212121212121212); name = MenuBeta; productName = MenuBeta; productReference = 222222222222222222222227; productType = "com.apple.product-type.application";};
  999999999999999999999999 = {isa = PBXProject; buildConfigurationList = AAAAAAAAAAAAAAAAAAAAAAAA; compatibilityVersion = "Xcode 14.0"; mainGroup = 444444444444444444444444; targets = (555555555555555555555555);};
  777777777777777777777777 = {isa = PBXSourcesBuildPhase; files = (111111111111111111111111,111111111111111111111112,111111111111111111111113);};
  888888888888888888888888 = {isa = PBXResourcesBuildPhase; files = ();};
  121212121212121212121212 = {isa = PBXFrameworksBuildPhase; files = (111111111111111111111115);};
  131313131313131313131313 = {isa = PBXGroup; children = (222222222222222222222227); name = Products; sourceTree = "<group>";};
  666666666666666666666666 = {isa = XCConfigurationList; buildConfigurations = (BBBBBBBBBBBBBBBBBBBBBBBB,CCCCCCCCCCCCCCCCCCCCCCCC); defaultConfigurationIsVisible = 0; defaultConfigurationName = Release;};
  AAAAAAAAAAAAAAAAAAAAAAAA = {isa = XCConfigurationList; buildConfigurations = (DDDDDDDDDDDDDDDDDDDDDDDD,EEEEEEEEEEEEEEEEEEEEEEEE); defaultConfigurationIsVisible = 0; defaultConfigurationName = Release;};
  BBBBBBBBBBBBBBBBBBBBBBBB = {isa = XCBuildConfiguration; buildSettings = {PRODUCT_NAME = MenuBeta; PRODUCT_BUNDLE_IDENTIFIER = com.example.menubeta; INFOPLIST_FILE = MenuBeta/Info.plist; SDKROOT = iphoneos; TARGETED_DEVICE_FAMILY = "1,2"; IPHONEOS_DEPLOYMENT_TARGET = 13.0; CLANG_CXX_LANGUAGE_STANDARD = "c++17";}; name = Debug;};
  CCCCCCCCCCCCCCCCCCCCCCCC = {isa = XCBuildConfiguration; buildSettings = {PRODUCT_NAME = MenuBeta; PRODUCT_BUNDLE_IDENTIFIER = com.example.menubeta; INFOPLIST_FILE = MenuBeta/Info.plist; SDKROOT = iphoneos; TARGETED_DEVICE_FAMILY = "1,2"; IPHONEOS_DEPLOYMENT_TARGET = 13.0; CLANG_CXX_LANGUAGE_STANDARD = "c++17";}; name = Release;};
  DDDDDDDDDDDDDDDDDDDDDDDD = {isa = XCBuildConfiguration; buildSettings = {}; name = Debug;};
  EEEEEEEEEEEEEEEEEEEEEEEE = {isa = XCBuildConfiguration; buildSettings = {}; name = Release;};
 };
 rootObject = 999999999999999999999999;
}
