// !$*UTF8*$!
{
 archiveVersion = 1;
 classes = {};
 objectVersion = 56;
 objects = {
  111111111111111111111111 = {isa = PBXBuildFile; fileRef = 222222222222222222222222;};
  111111111111111111111112 = {isa = PBXBuildFile; fileRef = 222222222222222222222223; settings = {ATTRIBUTES = (Public,);};};
  222222222222222222222222 = {isa = PBXFileReference; lastKnownFileType = sourcecode.cpp.objcpp; path = MenuOverlayViewController.mm; sourceTree = "<group>";};
  222222222222222222222223 = {isa = PBXFileReference; lastKnownFileType = sourcecode.c.h; path = MenuOverlayViewController.h; sourceTree = "<group>";};
  222222222222222222222224 = {isa = PBXFileReference; lastKnownFileType = text.plist.xml; path = Info.plist; sourceTree = "<group>";};
  222222222222222222222225 = {isa = PBXFileReference; explicitFileType = wrapper.framework; includeInIndex = 0; path = MenuOverlayKit.framework; sourceTree = BUILT_PRODUCTS_DIR;};
  333333333333333333333333 = {isa = PBXGroup; children = (222222222222222222222222,222222222222222222222223,222222222222222222222224); path = MenuOverlayKit; sourceTree = "<group>";};
  444444444444444444444444 = {isa = PBXGroup; children = (333333333333333333333333,555555555555555555555555); sourceTree = "<group>";};
  555555555555555555555555 = {isa = PBXGroup; children = (222222222222222222222225); name = Products; sourceTree = "<group>";};
  666666666666666666666666 = {isa = PBXNativeTarget; buildConfigurationList = 777777777777777777777777; buildPhases = (888888888888888888888888,999999999999999999999999,AAAAAAAAAAAAAAAAAAAAAAAA); name = MenuOverlayKit; productName = MenuOverlayKit; productReference = 222222222222222222222225; productType = "com.apple.product-type.framework";};
  BBBBBBBBBBBBBBBBBBBBBBBB = {isa = PBXProject; buildConfigurationList = CCCCCCCCCCCCCCCCCCCCCCCC; compatibilityVersion = "Xcode 14.0"; mainGroup = 444444444444444444444444; productRefGroup = 555555555555555555555555; targets = (666666666666666666666666);};
  888888888888888888888888 = {isa = PBXSourcesBuildPhase; files = (111111111111111111111111);};
  999999999999999999999999 = {isa = PBXFrameworksBuildPhase; files = ();};
  AAAAAAAAAAAAAAAAAAAAAAAA = {isa = PBXResourcesBuildPhase; files = ();};
  DDDDDDDDDDDDDDDDDDDDDDDD = {isa = PBXHeadersBuildPhase; files = (111111111111111111111112);};
  777777777777777777777777 = {isa = XCConfigurationList; buildConfigurations = (EEEEEEEEEEEEEEEEEEEEEEEE,FFFFFFFFFFFFFFFFFFFFFFFF); defaultConfigurationIsVisible = 0; defaultConfigurationName = Release;};
  CCCCCCCCCCCCCCCCCCCCCCCC = {isa = XCConfigurationList; buildConfigurations = (121212121212121212121212,131313131313131313131313); defaultConfigurationIsVisible = 0; defaultConfigurationName = Release;};
  EEEEEEEEEEEEEEEEEEEEEEEE = {isa = XCBuildConfiguration; buildSettings = {PRODUCT_NAME = MenuOverlayKit; PRODUCT_BUNDLE_IDENTIFIER = com.example.MenuOverlayKit; INFOPLIST_FILE = MenuOverlayKit/Info.plist; SDKROOT = iphoneos; IPHONEOS_DEPLOYMENT_TARGET = 13.0; TARGETED_DEVICE_FAMILY = "1,2"; DEFINES_MODULE = YES; SKIP_INSTALL = YES; DYLIB_INSTALL_NAME_BASE = "@rpath"; CLANG_CXX_LANGUAGE_STANDARD = "c++17"; GCC_PREPROCESSOR_DEFINITIONS = ("DEBUG=1", "$(inherited)");}; name = Debug;};
  FFFFFFFFFFFFFFFFFFFFFFFF = {isa = XCBuildConfiguration; buildSettings = {PRODUCT_NAME = MenuOverlayKit; PRODUCT_BUNDLE_IDENTIFIER = com.example.MenuOverlayKit; INFOPLIST_FILE = MenuOverlayKit/Info.plist; SDKROOT = iphoneos; IPHONEOS_DEPLOYMENT_TARGET = 13.0; TARGETED_DEVICE_FAMILY = "1,2"; DEFINES_MODULE = YES; SKIP_INSTALL = YES; DYLIB_INSTALL_NAME_BASE = "@rpath"; CLANG_CXX_LANGUAGE_STANDARD = "c++17";}; name = Release;};
  121212121212121212121212 = {isa = XCBuildConfiguration; buildSettings = {ALWAYS_SEARCH_USER_PATHS = NO;}; name = Debug;};
  131313131313131313131313 = {isa = XCBuildConfiguration; buildSettings = {ALWAYS_SEARCH_USER_PATHS = NO;}; name = Release;};
 };
 rootObject = BBBBBBBBBBBBBBBBBBBBBBBB;
}
